
Microsoft Visual Studio Solution File, Format Version 12.00
# Visual Studio Version 17
VisualStudioVersion = 17.0.31903.59
MinimumVisualStudioVersion = 10.0.40219.1
Project("{2150E333-8FDC-42A3-9474-1A3956D46DE8}") = "Solution Items", "Solution Items", "{E4201D9F-1C93-4824-9D0D-0BF378C1FAD4}"
	ProjectSection(SolutionItems) = preProject
		.editorconfig = .editorconfig
		LICENSE = LICENSE
		Nuget.config = Nuget.config
		README.md = README.md
		TODOS.md = TODOS.md
	EndProjectSection
EndProject
Project("{9A19103F-16F7-4668-BE54-9A1E7A4F7556}") = "FedoraMirrorGrabber.Core", "FedoraMirrorGrabber.Core\FedoraMirrorGrabber.Core.csproj", "{E56FC10E-ECB0-4511-8DEB-91DF2AF501E2}"
EndProject
Project("{9A19103F-16F7-4668-BE54-9A1E7A4F7556}") = "FedoraMirrorGrabber.Core.Tests", "FedoraMirrorGrabber.Core.Tests\FedoraMirrorGrabber.Core.Tests.csproj", "{80D8EB4E-23C0-4F7A-B7D9-F1AB0D957B41}"
EndProject
Project("{FAE04EC0-301F-11D3-BF4B-00C04F79EFBC}") = "FedoraMirrorGrabber.App", "FedoraMirrorGrabber.App\FedoraMirrorGrabber.App.csproj", "{2EC2BF01-AFB5-480E-B5AA-493E32348944}"
EndProject
Project("{2150E333-8FDC-42A3-9474-1A3956D46DE8}") = "build", "build", "{6EBD5C00-555F-43AC-A272-A118D18CD388}"
	ProjectSection(SolutionItems) = preProject
		Directory.Build.props = Directory.Build.props
		Directory.Packages.props = Directory.Packages.props
	EndProjectSection
EndProject
Project("{2150E333-8FDC-42A3-9474-1A3956D46DE8}") = "git", "git", "{9B177574-B979-4B5C-A5BD-CCB191B2FCBC}"
	ProjectSection(SolutionItems) = preProject
		.gitignore = .gitignore
		.gitattributes = .gitattributes
	EndProjectSection
EndProject
Global
	GlobalSection(SolutionConfigurationPlatforms) = preSolution
		Debug|Any CPU = Debug|Any CPU
		Release|Any CPU = Release|Any CPU
	EndGlobalSection
	GlobalSection(ProjectConfigurationPlatforms) = postSolution
		{E56FC10E-ECB0-4511-8DEB-91DF2AF501E2}.Debug|Any CPU.ActiveCfg = Debug|Any CPU
		{E56FC10E-ECB0-4511-8DEB-91DF2AF501E2}.Debug|Any CPU.Build.0 = Debug|Any CPU
		{E56FC10E-ECB0-4511-8DEB-91DF2AF501E2}.Release|Any CPU.ActiveCfg = Release|Any CPU
		{E56FC10E-ECB0-4511-8DEB-91DF2AF501E2}.Release|Any CPU.Build.0 = Release|Any CPU
		{80D8EB4E-23C0-4F7A-B7D9-F1AB0D957B41}.Debug|Any CPU.ActiveCfg = Debug|Any CPU
		{80D8EB4E-23C0-4F7A-B7D9-F1AB0D957B41}.Debug|Any CPU.Build.0 = Debug|Any CPU
		{80D8EB4E-23C0-4F7A-B7D9-F1AB0D957B41}.Release|Any CPU.ActiveCfg = Release|Any CPU
		{80D8EB4E-23C0-4F7A-B7D9-F1AB0D957B41}.Release|Any CPU.Build.0 = Release|Any CPU
		{2EC2BF01-AFB5-480E-B5AA-493E32348944}.Debug|Any CPU.ActiveCfg = Debug|Any CPU
		{2EC2BF01-AFB5-480E-B5AA-493E32348944}.Debug|Any CPU.Build.0 = Debug|Any CPU
		{2EC2BF01-AFB5-480E-B5AA-493E32348944}.Release|Any CPU.ActiveCfg = Release|Any CPU
		{2EC2BF01-AFB5-480E-B5AA-493E32348944}.Release|Any CPU.Build.0 = Release|Any CPU
	EndGlobalSection
	GlobalSection(SolutionProperties) = preSolution
		HideSolutionNode = FALSE
	EndGlobalSection
	GlobalSection(ExtensibilityGlobals) = postSolution
		SolutionGuid = {5DA043EE-1454-4BE4-8CFB-5467FE7B20E4}
	EndGlobalSection
	GlobalSection(NestedProjects) = preSolution
		{6EBD5C00-555F-43AC-A272-A118D18CD388} = {E4201D9F-1C93-4824-9D0D-0BF378C1FAD4}
		{9B177574-B979-4B5C-A5BD-CCB191B2FCBC} = {E4201D9F-1C93-4824-9D0D-0BF378C1FAD4}
	EndGlobalSection
EndGlobal
